
Microsoft Visual Studio Solution File, Format Version 12.00
# Visual Studio 14
VisualStudioVersion = 14.0.25420.1
MinimumVisualStudioVersion = 10.0.40219.1
Project("{8BC9CEB8-8B4A-11D0-8D11-00A0C91BC942}") = "5-2-1.c", "5-2-1.c\5-2-1.c.vcxproj", "{4A4AE584-6CA8-4167-9CBC-53016C84F3A6}"
EndProject
Project("{8BC9CEB8-8B4A-11D0-8D11-00A0C91BC942}") = "5-2-2", "5-2-2\5-2-2.vcxproj", "{87F3B60D-0742-4D3D-B562-2E5FAE1992A5}"
EndProject
Global
	GlobalSection(SolutionConfigurationPlatforms) = preSolution
		Debug|ARM = Debug|ARM
		Debug|x64 = Debug|x64
		Debug|x86 = Debug|x86
		Release|ARM = Release|ARM
		Release|x64 = Release|x64
		Release|x86 = Release|x86
	EndGlobalSection
	GlobalSection(ProjectConfigurationPlatforms) = postSolution
		{4A4AE584-6CA8-4167-9CBC-53016C84F3A6}.Debug|ARM.ActiveCfg = Debug|Win32
		{4A4AE584-6CA8-4167-9CBC-53016C84F3A6}.Debug|x64.ActiveCfg = Debug|x64
		{4A4AE584-6CA8-4167-9CBC-53016C84F3A6}.Debug|x64.Build.0 = Debug|x64
		{4A4AE584-6CA8-4167-9CBC-53016C84F3A6}.Debug|x86.ActiveCfg = Debug|Win32
		{4A4AE584-6CA8-4167-9CBC-53016C84F3A6}.Debug|x86.Build.0 = Debug|Win32
		{4A4AE584-6CA8-4167-9CBC-53016C84F3A6}.Release|ARM.ActiveCfg = Release|Win32
		{4A4AE584-6CA8-4167-9CBC-53016C84F3A6}.Release|x64.ActiveCfg = Release|x64
		{4A4AE584-6CA8-4167-9CBC-53016C84F3A6}.Release|x64.Build.0 = Release|x64
		{4A4AE584-6CA8-4167-9CBC-53016C84F3A6}.Release|x86.ActiveCfg = Release|Win32
		{4A4AE584-6CA8-4167-9CBC-53016C84F3A6}.Release|x86.Build.0 = Release|Win32
		{87F3B60D-0742-4D3D-B562-2E5FAE1992A5}.Debug|ARM.ActiveCfg = Debug|Win32
		{87F3B60D-0742-4D3D-B562-2E5FAE1992A5}.Debug|x64.ActiveCfg = Debug|x64
		{87F3B60D-0742-4D3D-B562-2E5FAE1992A5}.Debug|x64.Build.0 = Debug|x64
		{87F3B60D-0742-4D3D-B562-2E5FAE1992A5}.Debug|x86.ActiveCfg = Debug|Win32
		{87F3B60D-0742-4D3D-B562-2E5FAE1992A5}.Debug|x86.Build.0 = Debug|Win32
		{87F3B60D-0742-4D3D-B562-2E5FAE1992A5}.Release|ARM.ActiveCfg = Release|Win32
		{87F3B60D-0742-4D3D-B562-2E5FAE1992A5}.Release|x64.ActiveCfg = Release|x64
		{87F3B60D-0742-4D3D-B562-2E5FAE1992A5}.Release|x64.Build.0 = Release|x64
		{87F3B60D-0742-4D3D-B562-2E5FAE1992A5}.Release|x86.ActiveCfg = Release|Win32
		{87F3B60D-0742-4D3D-B562-2E5FAE1992A5}.Release|x86.Build.0 = Release|Win32
	EndGlobalSection
	GlobalSection(SolutionProperties) = preSolution
		HideSolutionNode = FALSE
	EndGlobalSection
EndGlobal
